// !$*UTF8*$!
{
	archiveVersion = 1;
	classes = {
	};
	objectVersion = 51;
	objects = {

/* Begin PBXBuildFile section */
		3D328CD4B63B2C658181DFE5 /* Pods_StudyAVFoundation.framework in Frameworks */ = {isa = PBXBuildFile; fileRef = DF5CE5A3A2C6F54E791DBEBA /* Pods_StudyAVFoundation.framework */; };
		A5433DAB259B4AC200582E07 /* FunctionCell.m in Sources */ = {isa = PBXBuildFile; fileRef = A5433DA9259B4AC200582E07 /* FunctionCell.m */; };
		A5433DAC259B4AC200582E07 /* FunctionCell.xib in Resources */ = {isa = PBXBuildFile; fileRef = A5433DAA259B4AC200582E07 /* FunctionCell.xib */; };
		A5433DBB259B5B0900582E07 /* VideoViewController.m in Sources */ = {isa = PBXBuildFile; fileRef = A5433DB9259B5B0900582E07 /* VideoViewController.m */; };
		A5433DBC259B5B0900582E07 /* VideoViewController.xib in Resources */ = {isa = PBXBuildFile; fileRef = A5433DBA259B5B0900582E07 /* VideoViewController.xib */; };
		A592EB0C25B88AE500615173 /* LMZVideoProgressView.m in Sources */ = {isa = PBXBuildFile; fileRef = A592EB0B25B88AE500615173 /* LMZVideoProgressView.m */; };
		A5B10FD5259C6B9300AC8B38 /* LMZVideoAVPlayer.m in Sources */ = {isa = PBXBuildFile; fileRef = A5B10FD3259C6B9300AC8B38 /* LMZVideoAVPlayer.m */; };
		A5B10FDB259C6CEA00AC8B38 /* BaseViewController.m in Sources */ = {isa = PBXBuildFile; fileRef = A5B10FDA259C6CEA00AC8B38 /* BaseViewController.m */; };
		A5B10FE2259D612B00AC8B38 /* LMZVoiceRecorder.m in Sources */ = {isa = PBXBuildFile; fileRef = A5B10FE1259D612B00AC8B38 /* LMZVoiceRecorder.m */; };
		A5B10FF8259D6C7900AC8B38 /* LMZAudioPlayer.m in Sources */ = {isa = PBXBuildFile; fileRef = A5B10FF7259D6C7900AC8B38 /* LMZAudioPlayer.m */; };
		A5F614F025A749CA00882DF8 /* LMZAudioCell.m in Sources */ = {isa = PBXBuildFile; fileRef = A5F614EE25A749CA00882DF8 /* LMZAudioCell.m */; };
		A5F614F125A749CA00882DF8 /* LMZAudioCell.xib in Resources */ = {isa = PBXBuildFile; fileRef = A5F614EF25A749CA00882DF8 /* LMZAudioCell.xib */; };
		A5F614FC25A754A300882DF8 /* LMZAudioViewController.xib in Resources */ = {isa = PBXBuildFile; fileRef = A5F614FB25A754A300882DF8 /* LMZAudioViewController.xib */; };
		A5F75D9D259D7AD90056E382 /* AudioViewController.m in Sources */ = {isa = PBXBuildFile; fileRef = A5F75D9B259D7AD90056E382 /* AudioViewController.m */; };
		A5F75D9E259D7AD90056E382 /* AudioViewController.xib in Resources */ = {isa = PBXBuildFile; fileRef = A5F75D9C259D7AD90056E382 /* AudioViewController.xib */; };
		A5F7A72D25A1C20E0072DEC4 /* AudioFileListViewController.m in Sources */ = {isa = PBXBuildFile; fileRef = A5F7A72C25A1C20E0072DEC4 /* AudioFileListViewController.m */; };
		EE0743CB25A7082500069232 /* LMZAudioViewController.m in Sources */ = {isa = PBXBuildFile; fileRef = EE0743CA25A7082500069232 /* LMZAudioViewController.m */; };
		EE0743F025A7F48700069232 /* LMZRecordActionView.m in Sources */ = {isa = PBXBuildFile; fileRef = EE0743EF25A7F48700069232 /* LMZRecordActionView.m */; };
		EE0743F525A7F4A800069232 /* LMZRecordActionView.xib in Resources */ = {isa = PBXBuildFile; fileRef = EE0743F425A7F4A800069232 /* LMZRecordActionView.xib */; };
		EE07440425A7F79800069232 /* LMZRoundButton.m in Sources */ = {isa = PBXBuildFile; fileRef = EE07440325A7F79800069232 /* LMZRoundButton.m */; };
		EE8C87F32531AECE0069B01E /* AppDelegate.m in Sources */ = {isa = PBXBuildFile; fileRef = EE8C87F22531AECE0069B01E /* AppDelegate.m */; };
		EE8C87F62531AECE0069B01E /* SceneDelegate.m in Sources */ = {isa = PBXBuildFile; fileRef = EE8C87F52531AECE0069B01E /* SceneDelegate.m */; };
		EE8C87F92531AECE0069B01E /* ViewController.m in Sources */ = {isa = PBXBuildFile; fileRef = EE8C87F82531AECE0069B01E /* ViewController.m */; };
		EE8C87FC2531AECE0069B01E /* Main.storyboard in Resources */ = {isa = PBXBuildFile; fileRef = EE8C87FA2531AECE0069B01E /* Main.storyboard */; };
		EE8C87FE2531AECE0069B01E /* Assets.xcassets in Resources */ = {isa = PBXBuildFile; fileRef = EE8C87FD2531AECE0069B01E /* Assets.xcassets */; };
		EE8C88012531AECE0069B01E /* LaunchScreen.storyboard in Resources */ = {isa = PBXBuildFile; fileRef = EE8C87FF2531AECE0069B01E /* LaunchScreen.storyboard */; };
		EE8C88042531AECE0069B01E /* main.m in Sources */ = {isa = PBXBuildFile; fileRef = EE8C88032531AECE0069B01E /* main.m */; };
		EE8C880E2531AECF0069B01E /* StudyAVFoundationTests.m in Sources */ = {isa = PBXBuildFile; fileRef = EE8C880D2531AECF0069B01E /* StudyAVFoundationTests.m */; };
		EE8C88192531AECF0069B01E /* StudyAVFoundationUITests.m in Sources */ = {isa = PBXBuildFile; fileRef = EE8C88182531AECF0069B01E /* StudyAVFoundationUITests.m */; };
		EE9DBD4F25A301F0005883C1 /* Request.m in Sources */ = {isa = PBXBuildFile; fileRef = EE9DBD4D25A301F0005883C1 /* Request.m */; };
		EE9DBD5825A3037E005883C1 /* MNHTTP.m in Sources */ = {isa = PBXBuildFile; fileRef = EE9DBD5725A3037E005883C1 /* MNHTTP.m */; };
		EE9DBD5E25A30429005883C1 /* MNSingleton.m in Sources */ = {isa = PBXBuildFile; fileRef = EE9DBD5D25A30429005883C1 /* MNSingleton.m */; };
		EEA6548A25BC117500D06420 /* LMZLog.m in Sources */ = {isa = PBXBuildFile; fileRef = EEA6548925BC117500D06420 /* LMZLog.m */; };
		EEA6549125BC161800D06420 /* LMZSandBoxFileManager.m in Sources */ = {isa = PBXBuildFile; fileRef = EEA6549025BC161800D06420 /* LMZSandBoxFileManager.m */; };
		EECC469625A2E34C007647BE /* libmp3lame.a in Frameworks */ = {isa = PBXBuildFile; fileRef = EECC469425A2E34C007647BE /* libmp3lame.a */; };
		EEDBC71125BAD399009B3863 /* LMZRailCell.m in Sources */ = {isa = PBXBuildFile; fileRef = EEDBC70F25BAD399009B3863 /* LMZRailCell.m */; };
		EEDBC71225BAD399009B3863 /* LMZRailCell.xib in Resources */ = {isa = PBXBuildFile; fileRef = EEDBC71025BAD399009B3863 /* LMZRailCell.xib */; };
		EEF2497525BACAE200687DDB /* EditHeadView.m in Sources */ = {isa = PBXBuildFile; fileRef = EEF2496C25BACAE200687DDB /* EditHeadView.m */; };
		EEF2497625BACAE200687DDB /* LMZVideoEditView.m in Sources */ = {isa = PBXBuildFile; fileRef = EEF2496D25BACAE200687DDB /* LMZVideoEditView.m */; };
		EEF2497725BACAE200687DDB /* EditMiddleView.m in Sources */ = {isa = PBXBuildFile; fileRef = EEF2496E25BACAE200687DDB /* EditMiddleView.m */; };
		EEF2497825BACAE200687DDB /* LMZVideoEditView.xib in Resources */ = {isa = PBXBuildFile; fileRef = EEF2497225BACAE200687DDB /* LMZVideoEditView.xib */; };
		EEF2497925BACAE200687DDB /* EditTailView.m in Sources */ = {isa = PBXBuildFile; fileRef = EEF2497425BACAE200687DDB /* EditTailView.m */; };
/* End PBXBuildFile section */

/* Begin PBXContainerItemProxy section */
		EE8C880A2531AECF0069B01E /* PBXContainerItemProxy */ = {
			isa = PBXContainerItemProxy;
			containerPortal = EE8C87E62531AECE0069B01E /* Project object */;
			proxyType = 1;
			remoteGlobalIDString = EE8C87ED2531AECE0069B01E;
			remoteInfo = iOSAVFoundationStudy;
		};
		EE8C88152531AECF0069B01E /* PBXContainerItemProxy */ = {
			isa = PBXContainerItemProxy;
			containerPortal = EE8C87E62531AECE0069B01E /* Project object */;
			proxyType = 1;
			remoteGlobalIDString = EE8C87ED2531AECE0069B01E;
			remoteInfo = iOSAVFoundationStudy;
		};
/* End PBXContainerItemProxy section */

/* Begin PBXFileReference section */
		A5433DA8259B4AC200582E07 /* FunctionCell.h */ = {isa = PBXFileReference; lastKnownFileType = sourcecode.c.h; path = FunctionCell.h; sourceTree = "<group>"; };
		A5433DA9259B4AC200582E07 /* FunctionCell.m */ = {isa = PBXFileReference; lastKnownFileType = sourcecode.c.objc; path = FunctionCell.m; sourceTree = "<group>"; };
		A5433DAA259B4AC200582E07 /* FunctionCell.xib */ = {isa = PBXFileReference; lastKnownFileType = file.xib; path = FunctionCell.xib; sourceTree = "<group>"; };
		A5433DB8259B5B0900582E07 /* VideoViewController.h */ = {isa = PBXFileReference; lastKnownFileType = sourcecode.c.h; path = VideoViewController.h; sourceTree = "<group>"; };
		A5433DB9259B5B0900582E07 /* VideoViewController.m */ = {isa = PBXFileReference; lastKnownFileType = sourcecode.c.objc; path = VideoViewController.m; sourceTree = "<group>"; };
		A5433DBA259B5B0900582E07 /* VideoViewController.xib */ = {isa = PBXFileReference; lastKnownFileType = file.xib; path = VideoViewController.xib; sourceTree = "<group>"; };
		A592EB0A25B88AE500615173 /* LMZVideoProgressView.h */ = {isa = PBXFileReference; lastKnownFileType = sourcecode.c.h; path = LMZVideoProgressView.h; sourceTree = "<group>"; };
		A592EB0B25B88AE500615173 /* LMZVideoProgressView.m */ = {isa = PBXFileReference; lastKnownFileType = sourcecode.c.objc; path = LMZVideoProgressView.m; sourceTree = "<group>"; };
		A5B10FD3259C6B9300AC8B38 /* LMZVideoAVPlayer.m */ = {isa = PBXFileReference; fileEncoding = 4; lastKnownFileType = sourcecode.c.objc; path = LMZVideoAVPlayer.m; sourceTree = "<group>"; };
		A5B10FD4259C6B9300AC8B38 /* LMZVideoAVPlayer.h */ = {isa = PBXFileReference; fileEncoding = 4; lastKnownFileType = sourcecode.c.h; path = LMZVideoAVPlayer.h; sourceTree = "<group>"; };
		A5B10FD9259C6CE900AC8B38 /* BaseViewController.h */ = {isa = PBXFileReference; lastKnownFileType = sourcecode.c.h; path = BaseViewController.h; sourceTree = "<group>"; };
		A5B10FDA259C6CEA00AC8B38 /* BaseViewController.m */ = {isa = PBXFileReference; lastKnownFileType = sourcecode.c.objc; path = BaseViewController.m; sourceTree = "<group>"; };
		A5B10FE0259D612B00AC8B38 /* LMZVoiceRecorder.h */ = {isa = PBXFileReference; lastKnownFileType = sourcecode.c.h; path = LMZVoiceRecorder.h; sourceTree = "<group>"; };
		A5B10FE1259D612B00AC8B38 /* LMZVoiceRecorder.m */ = {isa = PBXFileReference; lastKnownFileType = sourcecode.c.objc; path = LMZVoiceRecorder.m; sourceTree = "<group>"; };
		A5B10FF6259D6C7900AC8B38 /* LMZAudioPlayer.h */ = {isa = PBXFileReference; lastKnownFileType = sourcecode.c.h; path = LMZAudioPlayer.h; sourceTree = "<group>"; };
		A5B10FF7259D6C7900AC8B38 /* LMZAudioPlayer.m */ = {isa = PBXFileReference; lastKnownFileType = sourcecode.c.objc; path = LMZAudioPlayer.m; sourceTree = "<group>"; };
		A5F614ED25A749CA00882DF8 /* LMZAudioCell.h */ = {isa = PBXFileReference; lastKnownFileType = sourcecode.c.h; path = LMZAudioCell.h; sourceTree = "<group>"; };
		A5F614EE25A749CA00882DF8 /* LMZAudioCell.m */ = {isa = PBXFileReference; lastKnownFileType = sourcecode.c.objc; path = LMZAudioCell.m; sourceTree = "<group>"; };
		A5F614EF25A749CA00882DF8 /* LMZAudioCell.xib */ = {isa = PBXFileReference; lastKnownFileType = file.xib; path = LMZAudioCell.xib; sourceTree = "<group>"; };
		A5F614FB25A754A300882DF8 /* LMZAudioViewController.xib */ = {isa = PBXFileReference; lastKnownFileType = file.xib; path = LMZAudioViewController.xib; sourceTree = "<group>"; };
		A5F75D9A259D7AD90056E382 /* AudioViewController.h */ = {isa = PBXFileReference; lastKnownFileType = sourcecode.c.h; path = AudioViewController.h; sourceTree = "<group>"; };
		A5F75D9B259D7AD90056E382 /* AudioViewController.m */ = {isa = PBXFileReference; lastKnownFileType = sourcecode.c.objc; path = AudioViewController.m; sourceTree = "<group>"; };
		A5F75D9C259D7AD90056E382 /* AudioViewController.xib */ = {isa = PBXFileReference; lastKnownFileType = file.xib; path = AudioViewController.xib; sourceTree = "<group>"; };
		A5F7A72B25A1C20E0072DEC4 /* AudioFileListViewController.h */ = {isa = PBXFileReference; lastKnownFileType = sourcecode.c.h; path = AudioFileListViewController.h; sourceTree = "<group>"; };
		A5F7A72C25A1C20E0072DEC4 /* AudioFileListViewController.m */ = {isa = PBXFileReference; lastKnownFileType = sourcecode.c.objc; path = AudioFileListViewController.m; sourceTree = "<group>"; };
		D132B3E9B7C81203D3B0447D /* Pods-StudyAVFoundation.debug.xcconfig */ = {isa = PBXFileReference; includeInIndex = 1; lastKnownFileType = text.xcconfig; name = "Pods-StudyAVFoundation.debug.xcconfig"; path = "Target Support Files/Pods-StudyAVFoundation/Pods-StudyAVFoundation.debug.xcconfig"; sourceTree = "<group>"; };
		D826C9F09CC25120C4DC738A /* Pods-StudyAVFoundation.release.xcconfig */ = {isa = PBXFileReference; includeInIndex = 1; lastKnownFileType = text.xcconfig; name = "Pods-StudyAVFoundation.release.xcconfig"; path = "Target Support Files/Pods-StudyAVFoundation/Pods-StudyAVFoundation.release.xcconfig"; sourceTree = "<group>"; };
		DF5CE5A3A2C6F54E791DBEBA /* Pods_StudyAVFoundation.framework */ = {isa = PBXFileReference; explicitFileType = wrapper.framework; includeInIndex = 0; path = Pods_StudyAVFoundation.framework; sourceTree = BUILT_PRODUCTS_DIR; };
		EE0743C925A7082500069232 /* LMZAudioViewController.h */ = {isa = PBXFileReference; lastKnownFileType = sourcecode.c.h; path = LMZAudioViewController.h; sourceTree = "<group>"; };
		EE0743CA25A7082500069232 /* LMZAudioViewController.m */ = {isa = PBXFileReference; lastKnownFileType = sourcecode.c.objc; path = LMZAudioViewController.m; sourceTree = "<group>"; };
		EE0743EE25A7F48700069232 /* LMZRecordActionView.h */ = {isa = PBXFileReference; lastKnownFileType = sourcecode.c.h; path = LMZRecordActionView.h; sourceTree = "<group>"; };
		EE0743EF25A7F48700069232 /* LMZRecordActionView.m */ = {isa = PBXFileReference; lastKnownFileType = sourcecode.c.objc; path = LMZRecordActionView.m; sourceTree = "<group>"; };
		EE0743F425A7F4A800069232 /* LMZRecordActionView.xib */ = {isa = PBXFileReference; lastKnownFileType = file.xib; path = LMZRecordActionView.xib; sourceTree = "<group>"; };
		EE07440225A7F79800069232 /* LMZRoundButton.h */ = {isa = PBXFileReference; lastKnownFileType = sourcecode.c.h; path = LMZRoundButton.h; sourceTree = "<group>"; };
		EE07440325A7F79800069232 /* LMZRoundButton.m */ = {isa = PBXFileReference; lastKnownFileType = sourcecode.c.objc; path = LMZRoundButton.m; sourceTree = "<group>"; };
		EE8C87EE2531AECE0069B01E /* StudyAVFoundation.app */ = {isa = PBXFileReference; explicitFileType = wrapper.application; includeInIndex = 0; path = StudyAVFoundation.app; sourceTree = BUILT_PRODUCTS_DIR; };
		EE8C87F12531AECE0069B01E /* AppDelegate.h */ = {isa = PBXFileReference; lastKnownFileType = sourcecode.c.h; path = AppDelegate.h; sourceTree = "<group>"; };
		EE8C87F22531AECE0069B01E /* AppDelegate.m */ = {isa = PBXFileReference; lastKnownFileType = sourcecode.c.objc; path = AppDelegate.m; sourceTree = "<group>"; };
		EE8C87F42531AECE0069B01E /* SceneDelegate.h */ = {isa = PBXFileReference; lastKnownFileType = sourcecode.c.h; path = SceneDelegate.h; sourceTree = "<group>"; };
		EE8C87F52531AECE0069B01E /* SceneDelegate.m */ = {isa = PBXFileReference; lastKnownFileType = sourcecode.c.objc; path = SceneDelegate.m; sourceTree = "<group>"; };
		EE8C87F72531AECE0069B01E /* ViewController.h */ = {isa = PBXFileReference; lastKnownFileType = sourcecode.c.h; path = ViewController.h; sourceTree = "<group>"; };
		EE8C87F82531AECE0069B01E /* ViewController.m */ = {isa = PBXFileReference; lastKnownFileType = sourcecode.c.objc; path = ViewController.m; sourceTree = "<group>"; };
		EE8C87FB2531AECE0069B01E /* Base */ = {isa = PBXFileReference; lastKnownFileType = file.storyboard; name = Base; path = Base.lproj/Main.storyboard; sourceTree = "<group>"; };
		EE8C87FD2531AECE0069B01E /* Assets.xcassets */ = {isa = PBXFileReference; lastKnownFileType = folder.assetcatalog; path = Assets.xcassets; sourceTree = "<group>"; };
		EE8C88002531AECE0069B01E /* Base */ = {isa = PBXFileReference; lastKnownFileType = file.storyboard; name = Base; path = Base.lproj/LaunchScreen.storyboard; sourceTree = "<group>"; };
		EE8C88022531AECE0069B01E /* Info.plist */ = {isa = PBXFileReference; lastKnownFileType = text.plist.xml; path = Info.plist; sourceTree = "<group>"; };
		EE8C88032531AECE0069B01E /* main.m */ = {isa = PBXFileReference; lastKnownFileType = sourcecode.c.objc; path = main.m; sourceTree = "<group>"; };
		EE8C88092531AECF0069B01E /* StudyAVFoundationTests.xctest */ = {isa = PBXFileReference; explicitFileType = wrapper.cfbundle; includeInIndex = 0; path = StudyAVFoundationTests.xctest; sourceTree = BUILT_PRODUCTS_DIR; };
		EE8C880D2531AECF0069B01E /* StudyAVFoundationTests.m */ = {isa = PBXFileReference; lastKnownFileType = sourcecode.c.objc; path = StudyAVFoundationTests.m; sourceTree = "<group>"; };
		EE8C880F2531AECF0069B01E /* Info.plist */ = {isa = PBXFileReference; lastKnownFileType = text.plist.xml; path = Info.plist; sourceTree = "<group>"; };
		EE8C88142531AECF0069B01E /* StudyAVFoundationUITests.xctest */ = {isa = PBXFileReference; explicitFileType = wrapper.cfbundle; includeInIndex = 0; path = StudyAVFoundationUITests.xctest; sourceTree = BUILT_PRODUCTS_DIR; };
		EE8C88182531AECF0069B01E /* StudyAVFoundationUITests.m */ = {isa = PBXFileReference; lastKnownFileType = sourcecode.c.objc; path = StudyAVFoundationUITests.m; sourceTree = "<group>"; };
		EE8C881A2531AECF0069B01E /* Info.plist */ = {isa = PBXFileReference; lastKnownFileType = text.plist.xml; path = Info.plist; sourceTree = "<group>"; };
		EE9DBD4D25A301F0005883C1 /* Request.m */ = {isa = PBXFileReference; fileEncoding = 4; lastKnownFileType = sourcecode.c.objc; path = Request.m; sourceTree = "<group>"; };
		EE9DBD4E25A301F0005883C1 /* Request.h */ = {isa = PBXFileReference; fileEncoding = 4; lastKnownFileType = sourcecode.c.h; path = Request.h; sourceTree = "<group>"; };
		EE9DBD5625A3037E005883C1 /* MNHTTP.h */ = {isa = PBXFileReference; lastKnownFileType = sourcecode.c.h; path = MNHTTP.h; sourceTree = "<group>"; };
		EE9DBD5725A3037E005883C1 /* MNHTTP.m */ = {isa = PBXFileReference; lastKnownFileType = sourcecode.c.objc; path = MNHTTP.m; sourceTree = "<group>"; };
		EE9DBD5C25A30429005883C1 /* MNSingleton.h */ = {isa = PBXFileReference; lastKnownFileType = sourcecode.c.h; path = MNSingleton.h; sourceTree = "<group>"; };
		EE9DBD5D25A30429005883C1 /* MNSingleton.m */ = {isa = PBXFileReference; lastKnownFileType = sourcecode.c.objc; path = MNSingleton.m; sourceTree = "<group>"; };
		EEA6548825BC117500D06420 /* LMZLog.h */ = {isa = PBXFileReference; lastKnownFileType = sourcecode.c.h; path = LMZLog.h; sourceTree = "<group>"; };
		EEA6548925BC117500D06420 /* LMZLog.m */ = {isa = PBXFileReference; lastKnownFileType = sourcecode.c.objc; path = LMZLog.m; sourceTree = "<group>"; };
		EEA6548F25BC161800D06420 /* LMZSandBoxFileManager.h */ = {isa = PBXFileReference; lastKnownFileType = sourcecode.c.h; path = LMZSandBoxFileManager.h; sourceTree = "<group>"; };
		EEA6549025BC161800D06420 /* LMZSandBoxFileManager.m */ = {isa = PBXFileReference; lastKnownFileType = sourcecode.c.objc; path = LMZSandBoxFileManager.m; sourceTree = "<group>"; };
		EECC469425A2E34C007647BE /* libmp3lame.a */ = {isa = PBXFileReference; lastKnownFileType = archive.ar; path = libmp3lame.a; sourceTree = "<group>"; };
		EECC469525A2E34C007647BE /* lame.h */ = {isa = PBXFileReference; fileEncoding = 4; lastKnownFileType = sourcecode.c.h; path = lame.h; sourceTree = "<group>"; };
		EEDBC70E25BAD399009B3863 /* LMZRailCell.h */ = {isa = PBXFileReference; lastKnownFileType = sourcecode.c.h; path = LMZRailCell.h; sourceTree = "<group>"; };
		EEDBC70F25BAD399009B3863 /* LMZRailCell.m */ = {isa = PBXFileReference; lastKnownFileType = sourcecode.c.objc; path = LMZRailCell.m; sourceTree = "<group>"; };
		EEDBC71025BAD399009B3863 /* LMZRailCell.xib */ = {isa = PBXFileReference; lastKnownFileType = file.xib; path = LMZRailCell.xib; sourceTree = "<group>"; };
		EEF2496C25BACAE200687DDB /* EditHeadView.m */ = {isa = PBXFileReference; fileEncoding = 4; lastKnownFileType = sourcecode.c.objc; path = EditHeadView.m; sourceTree = "<group>"; };
		EEF2496D25BACAE200687DDB /* LMZVideoEditView.m */ = {isa = PBXFileReference; fileEncoding = 4; lastKnownFileType = sourcecode.c.objc; path = LMZVideoEditView.m; sourceTree = "<group>"; };
		EEF2496E25BACAE200687DDB /* EditMiddleView.m */ = {isa = PBXFileReference; fileEncoding = 4; lastKnownFileType = sourcecode.c.objc; path = EditMiddleView.m; sourceTree = "<group>"; };
		EEF2496F25BACAE200687DDB /* EditTailView.h */ = {isa = PBXFileReference; fileEncoding = 4; lastKnownFileType = sourcecode.c.h; path = EditTailView.h; sourceTree = "<group>"; };
		EEF2497025BACAE200687DDB /* LMZVideoEditView.h */ = {isa = PBXFileReference; fileEncoding = 4; lastKnownFileType = sourcecode.c.h; path = LMZVideoEditView.h; sourceTree = "<group>"; };
		EEF2497125BACAE200687DDB /* EditHeadView.h */ = {isa = PBXFileReference; fileEncoding = 4; lastKnownFileType = sourcecode.c.h; path = EditHeadView.h; sourceTree = "<group>"; };
		EEF2497225BACAE200687DDB /* LMZVideoEditView.xib */ = {isa = PBXFileReference; fileEncoding = 4; lastKnownFileType = file.xib; path = LMZVideoEditView.xib; sourceTree = "<group>"; };
		EEF2497325BACAE200687DDB /* EditMiddleView.h */ = {isa = PBXFileReference; fileEncoding = 4; lastKnownFileType = sourcecode.c.h; path = EditMiddleView.h; sourceTree = "<group>"; };
		EEF2497425BACAE200687DDB /* EditTailView.m */ = {isa = PBXFileReference; fileEncoding = 4; lastKnownFileType = sourcecode.c.objc; path = EditTailView.m; sourceTree = "<group>"; };
/* End PBXFileReference section */

/* Begin PBXFrameworksBuildPhase section */
		EE8C87EB2531AECE0069B01E /* Frameworks */ = {
			isa = PBXFrameworksBuildPhase;
			buildActionMask = 2147483647;
			files = (
				3D328CD4B63B2C658181DFE5 /* Pods_StudyAVFoundation.framework in Frameworks */,
				EECC469625A2E34C007647BE /* libmp3lame.a in Frameworks */,
			);
			runOnlyForDeploymentPostprocessing = 0;
		};
		EE8C88062531AECF0069B01E /* Frameworks */ = {
			isa = PBXFrameworksBuildPhase;
			buildActionMask = 2147483647;
			files = (
			);
			runOnlyForDeploymentPostprocessing = 0;
		};
		EE8C88112531AECF0069B01E /* Frameworks */ = {
			isa = PBXFrameworksBuildPhase;
			buildActionMask = 2147483647;
			files = (
			);
			runOnlyForDeploymentPostprocessing = 0;
		};
/* End PBXFrameworksBuildPhase section */

/* Begin PBXGroup section */
		51428F538305C94ACF95D26F /* Pods */ = {
			isa = PBXGroup;
			children = (
				D132B3E9B7C81203D3B0447D /* Pods-StudyAVFoundation.debug.xcconfig */,
				D826C9F09CC25120C4DC738A /* Pods-StudyAVFoundation.release.xcconfig */,
			);
			path = Pods;
			sourceTree = "<group>";
		};
		A5433DA7259B4A5A00582E07 /* CollectionCell */ = {
			isa = PBXGroup;
			children = (
				A5433DA8259B4AC200582E07 /* FunctionCell.h */,
				A5433DA9259B4AC200582E07 /* FunctionCell.m */,
				A5433DAA259B4AC200582E07 /* FunctionCell.xib */,
			);
			path = CollectionCell;
			sourceTree = "<group>";
		};
		A5433DB0259B577B00582E07 /* Video */ = {
			isa = PBXGroup;
			children = (
				A5433DB8259B5B0900582E07 /* VideoViewController.h */,
				A5433DB9259B5B0900582E07 /* VideoViewController.m */,
				A5433DBA259B5B0900582E07 /* VideoViewController.xib */,
				EEF2497D25BACAE600687DDB /* View */,
			);
			path = Video;
			sourceTree = "<group>";
		};
		A5433DB4259B57FD00582E07 /* Audio */ = {
			isa = PBXGroup;
			children = (
				EE0743C825A707EC00069232 /* LMZAudioViewController */,
				A5F75D9A259D7AD90056E382 /* AudioViewController.h */,
				A5F75D9B259D7AD90056E382 /* AudioViewController.m */,
				A5F75D9C259D7AD90056E382 /* AudioViewController.xib */,
				A5F7A72B25A1C20E0072DEC4 /* AudioFileListViewController.h */,
				A5F7A72C25A1C20E0072DEC4 /* AudioFileListViewController.m */,
			);
			path = Audio;
			sourceTree = "<group>";
		};
		A5B10FD2259C6B9300AC8B38 /* LMZVideoAVPlayer */ = {
			isa = PBXGroup;
			children = (
				A5B10FD3259C6B9300AC8B38 /* LMZVideoAVPlayer.m */,
				A5B10FD4259C6B9300AC8B38 /* LMZVideoAVPlayer.h */,
				A592EB0A25B88AE500615173 /* LMZVideoProgressView.h */,
				A592EB0B25B88AE500615173 /* LMZVideoProgressView.m */,
			);
			path = LMZVideoAVPlayer;
			sourceTree = "<group>";
		};
		A5B10FDF259D610D00AC8B38 /* LMZVoiceRecorder */ = {
			isa = PBXGroup;
			children = (
				A5B10FE0259D612B00AC8B38 /* LMZVoiceRecorder.h */,
				A5B10FE1259D612B00AC8B38 /* LMZVoiceRecorder.m */,
			);
			path = LMZVoiceRecorder;
			sourceTree = "<group>";
		};
		A5B10FEF259D6A8600AC8B38 /* LMZAudioPlayer */ = {
			isa = PBXGroup;
			children = (
				A5B10FF6259D6C7900AC8B38 /* LMZAudioPlayer.h */,
				A5B10FF7259D6C7900AC8B38 /* LMZAudioPlayer.m */,
			);
			path = LMZAudioPlayer;
			sourceTree = "<group>";
		};
		A5F614EC25A7499200882DF8 /* LMZAudioCell */ = {
			isa = PBXGroup;
			children = (
				A5F614ED25A749CA00882DF8 /* LMZAudioCell.h */,
				A5F614EE25A749CA00882DF8 /* LMZAudioCell.m */,
				A5F614EF25A749CA00882DF8 /* LMZAudioCell.xib */,
			);
			path = LMZAudioCell;
			sourceTree = "<group>";
		};
		E4F92E1E193E48F461E85F8A /* Frameworks */ = {
			isa = PBXGroup;
			children = (
				DF5CE5A3A2C6F54E791DBEBA /* Pods_StudyAVFoundation.framework */,
			);
			name = Frameworks;
			sourceTree = "<group>";
		};
		EE0743C825A707EC00069232 /* LMZAudioViewController */ = {
			isa = PBXGroup;
			children = (
				EE0743C925A7082500069232 /* LMZAudioViewController.h */,
				EE0743CA25A7082500069232 /* LMZAudioViewController.m */,
				A5F614FB25A754A300882DF8 /* LMZAudioViewController.xib */,
				EE0743EE25A7F48700069232 /* LMZRecordActionView.h */,
				EE0743EF25A7F48700069232 /* LMZRecordActionView.m */,
				EE0743F425A7F4A800069232 /* LMZRecordActionView.xib */,
				EE07440225A7F79800069232 /* LMZRoundButton.h */,
				EE07440325A7F79800069232 /* LMZRoundButton.m */,
				A5F614EC25A7499200882DF8 /* LMZAudioCell */,
			);
			path = LMZAudioViewController;
			sourceTree = "<group>";
		};
		EE8C87E52531AECE0069B01E = {
			isa = PBXGroup;
			children = (
				EE8C87F02531AECE0069B01E /* StudyAVFoundation */,
				EE8C880C2531AECF0069B01E /* StudyAVFoundationTests */,
				EE8C88172531AECF0069B01E /* StudyAVFoundationUITests */,
				EE8C87EF2531AECE0069B01E /* Products */,
				51428F538305C94ACF95D26F /* Pods */,
				E4F92E1E193E48F461E85F8A /* Frameworks */,
			);
			sourceTree = "<group>";
		};
		EE8C87EF2531AECE0069B01E /* Products */ = {
			isa = PBXGroup;
			children = (
				EE8C87EE2531AECE0069B01E /* StudyAVFoundation.app */,
				EE8C88092531AECF0069B01E /* StudyAVFoundationTests.xctest */,
				EE8C88142531AECF0069B01E /* StudyAVFoundationUITests.xctest */,
			);
			name = Products;
			sourceTree = "<group>";
		};
		EE8C87F02531AECE0069B01E /* StudyAVFoundation */ = {
			isa = PBXGroup;
			children = (
				EECC469A25A2E393007647BE /* LMZPlayer */,
				EECC469225A2E32D007647BE /* Vendors */,
				EE8C87F12531AECE0069B01E /* AppDelegate.h */,
				EE8C87F22531AECE0069B01E /* AppDelegate.m */,
				EE8C87F42531AECE0069B01E /* SceneDelegate.h */,
				EE8C87F52531AECE0069B01E /* SceneDelegate.m */,
				EE8C87F72531AECE0069B01E /* ViewController.h */,
				EE8C87F82531AECE0069B01E /* ViewController.m */,
				A5B10FD9259C6CE900AC8B38 /* BaseViewController.h */,
				A5B10FDA259C6CEA00AC8B38 /* BaseViewController.m */,
				EE9DBD4C25A301F0005883C1 /* Request */,
				A5433DB0259B577B00582E07 /* Video */,
				A5433DB4259B57FD00582E07 /* Audio */,
				EEA6548725BC10F500D06420 /* Log */,
				EEA6548E25BC15F500D06420 /* LMZSandBoxFileManager */,
				A5433DA7259B4A5A00582E07 /* CollectionCell */,
				EE8C87FA2531AECE0069B01E /* Main.storyboard */,
				EE8C87FD2531AECE0069B01E /* Assets.xcassets */,
				EE8C87FF2531AECE0069B01E /* LaunchScreen.storyboard */,
				EE8C88022531AECE0069B01E /* Info.plist */,
				EE8C88032531AECE0069B01E /* main.m */,
			);
			path = StudyAVFoundation;
			sourceTree = "<group>";
		};
		EE8C880C2531AECF0069B01E /* StudyAVFoundationTests */ = {
			isa = PBXGroup;
			children = (
				EE8C880D2531AECF0069B01E /* StudyAVFoundationTests.m */,
				EE8C880F2531AECF0069B01E /* Info.plist */,
			);
			path = StudyAVFoundationTests;
			sourceTree = "<group>";
		};
		EE8C88172531AECF0069B01E /* StudyAVFoundationUITests */ = {
			isa = PBXGroup;
			children = (
				EE8C88182531AECF0069B01E /* StudyAVFoundationUITests.m */,
				EE8C881A2531AECF0069B01E /* Info.plist */,
			);
			path = StudyAVFoundationUITests;
			sourceTree = "<group>";
		};
		EE9DBD4C25A301F0005883C1 /* Request */ = {
			isa = PBXGroup;
			children = (
				EE9DBD4D25A301F0005883C1 /* Request.m */,
				EE9DBD4E25A301F0005883C1 /* Request.h */,
				EE9DBD5625A3037E005883C1 /* MNHTTP.h */,
				EE9DBD5725A3037E005883C1 /* MNHTTP.m */,
				EE9DBD5C25A30429005883C1 /* MNSingleton.h */,
				EE9DBD5D25A30429005883C1 /* MNSingleton.m */,
			);
			path = Request;
			sourceTree = "<group>";
		};
		EEA6548725BC10F500D06420 /* Log */ = {
			isa = PBXGroup;
			children = (
				EEA6548825BC117500D06420 /* LMZLog.h */,
				EEA6548925BC117500D06420 /* LMZLog.m */,
			);
			path = Log;
			sourceTree = "<group>";
		};
		EEA6548E25BC15F500D06420 /* LMZSandBoxFileManager */ = {
			isa = PBXGroup;
			children = (
				EEA6548F25BC161800D06420 /* LMZSandBoxFileManager.h */,
				EEA6549025BC161800D06420 /* LMZSandBoxFileManager.m */,
			);
			path = LMZSandBoxFileManager;
			sourceTree = "<group>";
		};
		EECC469225A2E32D007647BE /* Vendors */ = {
			isa = PBXGroup;
			children = (
				EECC469325A2E34C007647BE /* lame */,
			);
			path = Vendors;
			sourceTree = "<group>";
		};
		EECC469325A2E34C007647BE /* lame */ = {
			isa = PBXGroup;
			children = (
				EECC469425A2E34C007647BE /* libmp3lame.a */,
				EECC469525A2E34C007647BE /* lame.h */,
			);
			path = lame;
			sourceTree = "<group>";
		};
		EECC469A25A2E393007647BE /* LMZPlayer */ = {
			isa = PBXGroup;
			children = (
				A5B10FEF259D6A8600AC8B38 /* LMZAudioPlayer */,
				A5B10FDF259D610D00AC8B38 /* LMZVoiceRecorder */,
				A5B10FD2259C6B9300AC8B38 /* LMZVideoAVPlayer */,
			);
			path = LMZPlayer;
			sourceTree = "<group>";
		};
		EEF2496B25BACAE200687DDB /* LMZVideoEditView */ = {
			isa = PBXGroup;
			children = (
				EEF2496D25BACAE200687DDB /* LMZVideoEditView.m */,
				EEF2497025BACAE200687DDB /* LMZVideoEditView.h */,
				EEF2497225BACAE200687DDB /* LMZVideoEditView.xib */,
				EEF2496C25BACAE200687DDB /* EditHeadView.m */,
				EEF2497125BACAE200687DDB /* EditHeadView.h */,
				EEF2496F25BACAE200687DDB /* EditTailView.h */,
				EEF2497425BACAE200687DDB /* EditTailView.m */,
				EEF2497325BACAE200687DDB /* EditMiddleView.h */,
				EEF2496E25BACAE200687DDB /* EditMiddleView.m */,
				EEDBC70E25BAD399009B3863 /* LMZRailCell.h */,
				EEDBC70F25BAD399009B3863 /* LMZRailCell.m */,
				EEDBC71025BAD399009B3863 /* LMZRailCell.xib */,
			);
			path = LMZVideoEditView;
			sourceTree = "<group>";
		};
		EEF2497D25BACAE600687DDB /* View */ = {
			isa = PBXGroup;
			children = (
				EEF2496B25BACAE200687DDB /* LMZVideoEditView */,
			);
			path = View;
			sourceTree = "<group>";
		};
/* End PBXGroup section */

/* Begin PBXNativeTarget section */
		EE8C87ED2531AECE0069B01E /* StudyAVFoundation */ = {
			isa = PBXNativeTarget;
			buildConfigurationList = EE8C881D2531AECF0069B01E /* Build configuration list for PBXNativeTarget "StudyAVFoundation" */;
			buildPhases = (
				96A404F4C882D7D1A9160411 /* [CP] Check Pods Manifest.lock */,
				EE8C87EA2531AECE0069B01E /* Sources */,
				EE8C87EB2531AECE0069B01E /* Frameworks */,
				EE8C87EC2531AECE0069B01E /* Resources */,
				B9A3C5047E657F2595929AF5 /* [CP] Embed Pods Frameworks */,
			);
			buildRules = (
			);
			dependencies = (
			);
			name = StudyAVFoundation;
			productName = iOSAVFoundationStudy;
			productReference = EE8C87EE2531AECE0069B01E /* StudyAVFoundation.app */;
			productType = "com.apple.product-type.application";
		};
		EE8C88082531AECF0069B01E /* StudyAVFoundationTests */ = {
			isa = PBXNativeTarget;
			buildConfigurationList = EE8C88202531AECF0069B01E /* Build configuration list for PBXNativeTarget "StudyAVFoundationTests" */;
			buildPhases = (
				EE8C88052531AECF0069B01E /* Sources */,
				EE8C88062531AECF0069B01E /* Frameworks */,
				EE8C88072531AECF0069B01E /* Resources */,
			);
			buildRules = (
			);
			dependencies = (
				EE8C880B2531AECF0069B01E /* PBXTargetDependency */,
			);
			name = StudyAVFoundationTests;
			productName = iOSAVFoundationStudyTests;
			productReference = EE8C88092531AECF0069B01E /* StudyAVFoundationTests.xctest */;
			productType = "com.apple.product-type.bundle.unit-test";
		};
		EE8C88132531AECF0069B01E /* StudyAVFoundationUITests */ = {
			isa = PBXNativeTarget;
			buildConfigurationList = EE8C88232531AECF0069B01E /* Build configuration list for PBXNativeTarget "StudyAVFoundationUITests" */;
			buildPhases = (
				EE8C88102531AECF0069B01E /* Sources */,
				EE8C88112531AECF0069B01E /* Frameworks */,
				EE8C88122531AECF0069B01E /* Resources */,
			);
			buildRules = (
			);
			dependencies = (
				EE8C88162531AECF0069B01E /* PBXTargetDependency */,
			);
			name = StudyAVFoundationUITests;
			productName = iOSAVFoundationStudyUITests;
			productReference = EE8C88142531AECF0069B01E /* StudyAVFoundationUITests.xctest */;
			productType = "com.apple.product-type.bundle.ui-testing";
		};
/* End PBXNativeTarget section */

/* Begin PBXProject section */
		EE8C87E62531AECE0069B01E /* Project object */ = {
			isa = PBXProject;
			attributes = {
				LastUpgradeCheck = 1200;
				TargetAttributes = {
					EE8C87ED2531AECE0069B01E = {
						CreatedOnToolsVersion = 12.0;
					};
					EE8C88082531AECF0069B01E = {
						CreatedOnToolsVersion = 12.0;
						TestTargetID = EE8C87ED2531AECE0069B01E;
					};
					EE8C88132531AECF0069B01E = {
						CreatedOnToolsVersion = 12.0;
						TestTargetID = EE8C87ED2531AECE0069B01E;
					};
				};
			};
			buildConfigurationList = EE8C87E92531AECE0069B01E /* Build configuration list for PBXProject "StudyAVFoundation" */;
			compatibilityVersion = "Xcode 9.3";
			developmentRegion = en;
			hasScannedForEncodings = 0;
			knownRegions = (
				en,
				Base,
			);
			mainGroup = EE8C87E52531AECE0069B01E;
			productRefGroup = EE8C87EF2531AECE0069B01E /* Products */;
			projectDirPath = "";
			projectRoot = "";
			targets = (
				EE8C87ED2531AECE0069B01E /* StudyAVFoundation */,
				EE8C88082531AECF0069B01E /* StudyAVFoundationTests */,
				EE8C88132531AECF0069B01E /* StudyAVFoundationUITests */,
			);
		};
/* End PBXProject section */

/* Begin PBXResourcesBuildPhase section */
		EE8C87EC2531AECE0069B01E /* Resources */ = {
			isa = PBXResourcesBuildPhase;
			buildActionMask = 2147483647;
			files = (
				EE8C88012531AECE0069B01E /* LaunchScreen.storyboard in Resources */,
				EEDBC71225BAD399009B3863 /* LMZRailCell.xib in Resources */,
				A5F614F125A749CA00882DF8 /* LMZAudioCell.xib in Resources */,
				EE0743F525A7F4A800069232 /* LMZRecordActionView.xib in Resources */,
				EE8C87FE2531AECE0069B01E /* Assets.xcassets in Resources */,
				EE8C87FC2531AECE0069B01E /* Main.storyboard in Resources */,
				A5F75D9E259D7AD90056E382 /* AudioViewController.xib in Resources */,
				A5433DBC259B5B0900582E07 /* VideoViewController.xib in Resources */,
				A5433DAC259B4AC200582E07 /* FunctionCell.xib in Resources */,
				EEF2497825BACAE200687DDB /* LMZVideoEditView.xib in Resources */,
				A5F614FC25A754A300882DF8 /* LMZAudioViewController.xib in Resources */,
			);
			runOnlyForDeploymentPostprocessing = 0;
		};
		EE8C88072531AECF0069B01E /* Resources */ = {
			isa = PBXResourcesBuildPhase;
			buildActionMask = 2147483647;
			files = (
			);
			runOnlyForDeploymentPostprocessing = 0;
		};
		EE8C88122531AECF0069B01E /* Resources */ = {
			isa = PBXResourcesBuildPhase;
			buildActionMask = 2147483647;
			files = (
			);
			runOnlyForDeploymentPostprocessing = 0;
		};
/* End PBXResourcesBuildPhase section */

/* Begin PBXShellScriptBuildPhase section */
		96A404F4C882D7D1A9160411 /* [CP] Check Pods Manifest.lock */ = {
			isa = PBXShellScriptBuildPhase;
			buildActionMask = 2147483647;
			files = (
			);
			inputFileListPaths = (
			);
			inputPaths = (
				"${PODS_PODFILE_DIR_PATH}/Podfile.lock",
				"${PODS_ROOT}/Manifest.lock",
			);
			name = "[CP] Check Pods Manifest.lock";
			outputFileListPaths = (
			);
			outputPaths = (
				"$(DERIVED_FILE_DIR)/Pods-StudyAVFoundation-checkManifestLockResult.txt",
			);
			runOnlyForDeploymentPostprocessing = 0;
			shellPath = /bin/sh;
			shellScript = "diff \"${PODS_PODFILE_DIR_PATH}/Podfile.lock\" \"${PODS_ROOT}/Manifest.lock\" > /dev/null\nif [ $? != 0 ] ; then\n    # print error to STDERR\n    echo \"error: The sandbox is not in sync with the Podfile.lock. Run 'pod install' or update your CocoaPods installation.\" >&2\n    exit 1\nfi\n# This output is used by Xcode 'outputs' to avoid re-running this script phase.\necho \"SUCCESS\" > \"${SCRIPT_OUTPUT_FILE_0}\"\n";
			showEnvVarsInLog = 0;
		};
		B9A3C5047E657F2595929AF5 /* [CP] Embed Pods Frameworks */ = {
			isa = PBXShellScriptBuildPhase;
			buildActionMask = 2147483647;
			files = (
			);
			inputFileListPaths = (
				"${PODS_ROOT}/Target Support Files/Pods-StudyAVFoundation/Pods-StudyAVFoundation-frameworks-${CONFIGURATION}-input-files.xcfilelist",
			);
			name = "[CP] Embed Pods Frameworks";
			outputFileListPaths = (
				"${PODS_ROOT}/Target Support Files/Pods-StudyAVFoundation/Pods-StudyAVFoundation-frameworks-${CONFIGURATION}-output-files.xcfilelist",
			);
			runOnlyForDeploymentPostprocessing = 0;
			shellPath = /bin/sh;
			shellScript = "\"${PODS_ROOT}/Target Support Files/Pods-StudyAVFoundation/Pods-StudyAVFoundation-frameworks.sh\"\n";
			showEnvVarsInLog = 0;
		};
/* End PBXShellScriptBuildPhase section */

/* Begin PBXSourcesBuildPhase section */
		EE8C87EA2531AECE0069B01E /* Sources */ = {
			isa = PBXSourcesBuildPhase;
			buildActionMask = 2147483647;
			files = (
				EE8C87F92531AECE0069B01E /* ViewController.m in Sources */,
				A5B10FDB259C6CEA00AC8B38 /* BaseViewController.m in Sources */,
				EEF2497625BACAE200687DDB /* LMZVideoEditView.m in Sources */,
				EEF2497525BACAE200687DDB /* EditHeadView.m in Sources */,
				A5F614F025A749CA00882DF8 /* LMZAudioCell.m in Sources */,
				EE9DBD5825A3037E005883C1 /* MNHTTP.m in Sources */,
				EE8C87F32531AECE0069B01E /* AppDelegate.m in Sources */,
				EEF2497725BACAE200687DDB /* EditMiddleView.m in Sources */,
				A5B10FE2259D612B00AC8B38 /* LMZVoiceRecorder.m in Sources */,
				A5433DBB259B5B0900582E07 /* VideoViewController.m in Sources */,
				EE9DBD5E25A30429005883C1 /* MNSingleton.m in Sources */,
				EE0743CB25A7082500069232 /* LMZAudioViewController.m in Sources */,
				A5F7A72D25A1C20E0072DEC4 /* AudioFileListViewController.m in Sources */,
				EE8C88042531AECE0069B01E /* main.m in Sources */,
				EE07440425A7F79800069232 /* LMZRoundButton.m in Sources */,
				EE8C87F62531AECE0069B01E /* SceneDelegate.m in Sources */,
				EE9DBD4F25A301F0005883C1 /* Request.m in Sources */,
				A5B10FF8259D6C7900AC8B38 /* LMZAudioPlayer.m in Sources */,
				EEA6548A25BC117500D06420 /* LMZLog.m in Sources */,
				A5B10FD5259C6B9300AC8B38 /* LMZVideoAVPlayer.m in Sources */,
				EEA6549125BC161800D06420 /* LMZSandBoxFileManager.m in Sources */,
				A5F75D9D259D7AD90056E382 /* AudioViewController.m in Sources */,
				EEF2497925BACAE200687DDB /* EditTailView.m in Sources */,
				A5433DAB259B4AC200582E07 /* FunctionCell.m in Sources */,
				EE0743F025A7F48700069232 /* LMZRecordActionView.m in Sources */,
				A592EB0C25B88AE500615173 /* LMZVideoProgressView.m in Sources */,
				EEDBC71125BAD399009B3863 /* LMZRailCell.m in Sources */,
			);
			runOnlyForDeploymentPostprocessing = 0;
		};
		EE8C88052531AECF0069B01E /* Sources */ = {
			isa = PBXSourcesBuildPhase;
			buildActionMask = 2147483647;
			files = (
				EE8C880E2531AECF0069B01E /* StudyAVFoundationTests.m in Sources */,
			);
			runOnlyForDeploymentPostprocessing = 0;
		};
		EE8C88102531AECF0069B01E /* Sources */ = {
			isa = PBXSourcesBuildPhase;
			buildActionMask = 2147483647;
			files = (
				EE8C88192531AECF0069B01E /* StudyAVFoundationUITests.m in Sources */,
			);
			runOnlyForDeploymentPostprocessing = 0;
		};
/* End PBXSourcesBuildPhase section */

/* Begin PBXTargetDependency section */
		EE8C880B2531AECF0069B01E /* PBXTargetDependency */ = {
			isa = PBXTargetDependency;
			target = EE8C87ED2531AECE0069B01E /* StudyAVFoundation */;
			targetProxy = EE8C880A2531AECF0069B01E /* PBXContainerItemProxy */;
		};
		EE8C88162531AECF0069B01E /* PBXTargetDependency */ = {
			isa = PBXTargetDependency;
			target = EE8C87ED2531AECE0069B01E /* StudyAVFoundation */;
			targetProxy = EE8C88152531AECF0069B01E /* PBXContainerItemProxy */;
		};
/* End PBXTargetDependency section */

/* Begin PBXVariantGroup section */
		EE8C87FA2531AECE0069B01E /* Main.storyboard */ = {
			isa = PBXVariantGroup;
			children = (
				EE8C87FB2531AECE0069B01E /* Base */,
			);
			name = Main.storyboard;
			sourceTree = "<group>";
		};
		EE8C87FF2531AECE0069B01E /* LaunchScreen.storyboard */ = {
			isa = PBXVariantGroup;
			children = (
				EE8C88002531AECE0069B01E /* Base */,
			);
			name = LaunchScreen.storyboard;
			sourceTree = "<group>";
		};
/* End PBXVariantGroup section */

/* Begin XCBuildConfiguration section */
		EE8C881B2531AECF0069B01E /* Debug */ = {
			isa = XCBuildConfiguration;
			buildSettings = {
				ALWAYS_SEARCH_USER_PATHS = NO;
				CLANG_ANALYZER_NONNULL = YES;
				CLANG_ANALYZER_NUMBER_OBJECT_CONVERSION = YES_AGGRESSIVE;
				CLANG_CXX_LANGUAGE_STANDARD = "gnu++14";
				CLANG_CXX_LIBRARY = "libc++";
				CLANG_ENABLE_MODULES = YES;
				CLANG_ENABLE_OBJC_ARC = YES;
				CLANG_ENABLE_OBJC_WEAK = YES;
				CLANG_WARN_BLOCK_CAPTURE_AUTORELEASING = YES;
				CLANG_WARN_BOOL_CONVERSION = YES;
				CLANG_WARN_COMMA = YES;
				CLANG_WARN_CONSTANT_CONVERSION = YES;
				CLANG_WARN_DEPRECATED_OBJC_IMPLEMENTATIONS = YES;
				CLANG_WARN_DIRECT_OBJC_ISA_USAGE = YES_ERROR;
				CLANG_WARN_DOCUMENTATION_COMMENTS = YES;
				CLANG_WARN_EMPTY_BODY = YES;
				CLANG_WARN_ENUM_CONVERSION = YES;
				CLANG_WARN_INFINITE_RECURSION = YES;
				CLANG_WARN_INT_CONVERSION = YES;
				CLANG_WARN_NON_LITERAL_NULL_CONVERSION = YES;
				CLANG_WARN_OBJC_IMPLICIT_RETAIN_SELF = YES;
				CLANG_WARN_OBJC_LITERAL_CONVERSION = YES;
				CLANG_WARN_OBJC_ROOT_CLASS = YES_ERROR;
				CLANG_WARN_QUOTED_INCLUDE_IN_FRAMEWORK_HEADER = YES;
				CLANG_WARN_RANGE_LOOP_ANALYSIS = YES;
				CLANG_WARN_STRICT_PROTOTYPES = YES;
				CLANG_WARN_SUSPICIOUS_MOVE = YES;
				CLANG_WARN_UNGUARDED_AVAILABILITY = YES_AGGRESSIVE;
				CLANG_WARN_UNREACHABLE_CODE = YES;
				CLANG_WARN__DUPLICATE_METHOD_MATCH = YES;
				COPY_PHASE_STRIP = NO;
				DEBUG_INFORMATION_FORMAT = dwarf;
				ENABLE_STRICT_OBJC_MSGSEND = YES;
				ENABLE_TESTABILITY = YES;
				GCC_C_LANGUAGE_STANDARD = gnu11;
				GCC_DYNAMIC_NO_PIC = NO;
				GCC_NO_COMMON_BLOCKS = YES;
				GCC_OPTIMIZATION_LEVEL = 0;
				GCC_PREPROCESSOR_DEFINITIONS = (
					"DEBUG=1",
					"$(inherited)",
				);
				GCC_WARN_64_TO_32_BIT_CONVERSION = YES;
				GCC_WARN_ABOUT_RETURN_TYPE = YES_ERROR;
				GCC_WARN_UNDECLARED_SELECTOR = YES;
				GCC_WARN_UNINITIALIZED_AUTOS = YES_AGGRESSIVE;
				GCC_WARN_UNUSED_FUNCTION = YES;
				GCC_WARN_UNUSED_VARIABLE = YES;
				IPHONEOS_DEPLOYMENT_TARGET = 13.0;
				MTL_ENABLE_DEBUG_INFO = INCLUDE_SOURCE;
				MTL_FAST_MATH = YES;
				ONLY_ACTIVE_ARCH = YES;
				SDKROOT = iphoneos;
			};
			name = Debug;
		};
		EE8C881C2531AECF0069B01E /* Release */ = {
			isa = XCBuildConfiguration;
			buildSettings = {
				ALWAYS_SEARCH_USER_PATHS = NO;
				CLANG_ANALYZER_NONNULL = YES;
				CLANG_ANALYZER_NUMBER_OBJECT_CONVERSION = YES_AGGRESSIVE;
				CLANG_CXX_LANGUAGE_STANDARD = "gnu++14";
				CLANG_CXX_LIBRARY = "libc++";
				CLANG_ENABLE_MODULES = YES;
				CLANG_ENABLE_OBJC_ARC = YES;
				CLANG_ENABLE_OBJC_WEAK = YES;
				CLANG_WARN_BLOCK_CAPTURE_AUTORELEASING = YES;
				CLANG_WARN_BOOL_CONVERSION = YES;
				CLANG_WARN_COMMA = YES;
				CLANG_WARN_CONSTANT_CONVERSION = YES;
				CLANG_WARN_DEPRECATED_OBJC_IMPLEMENTATIONS = YES;
				CLANG_WARN_DIRECT_OBJC_ISA_USAGE = YES_ERROR;
				CLANG_WARN_DOCUMENTATION_COMMENTS = YES;
				CLANG_WARN_EMPTY_BODY = YES;
				CLANG_WARN_ENUM_CONVERSION = YES;
				CLANG_WARN_INFINITE_RECURSION = YES;
				CLANG_WARN_INT_CONVERSION = YES;
				CLANG_WARN_NON_LITERAL_NULL_CONVERSION = YES;
				CLANG_WARN_OBJC_IMPLICIT_RETAIN_SELF = YES;
				CLANG_WARN_OBJC_LITERAL_CONVERSION = YES;
				CLANG_WARN_OBJC_ROOT_CLASS = YES_ERROR;
				CLANG_WARN_QUOTED_INCLUDE_IN_FRAMEWORK_HEADER = YES;
				CLANG_WARN_RANGE_LOOP_ANALYSIS = YES;
				CLANG_WARN_STRICT_PROTOTYPES = YES;
				CLANG_WARN_SUSPICIOUS_MOVE = YES;
				CLANG_WARN_UNGUARDED_AVAILABILITY = YES_AGGRESSIVE;
				CLANG_WARN_UNREACHABLE_CODE = YES;
				CLANG_WARN__DUPLICATE_METHOD_MATCH = YES;
				COPY_PHASE_STRIP = NO;
				DEBUG_INFORMATION_FORMAT = "dwarf-with-dsym";
				ENABLE_NS_ASSERTIONS = NO;
				ENABLE_STRICT_OBJC_MSGSEND = YES;
				GCC_C_LANGUAGE_STANDARD = gnu11;
				GCC_NO_COMMON_BLOCKS = YES;
				GCC_WARN_64_TO_32_BIT_CONVERSION = YES;
				GCC_WARN_ABOUT_RETURN_TYPE = YES_ERROR;
				GCC_WARN_UNDECLARED_SELECTOR = YES;
				GCC_WARN_UNINITIALIZED_AUTOS = YES_AGGRESSIVE;
				GCC_WARN_UNUSED_FUNCTION = YES;
				GCC_WARN_UNUSED_VARIABLE = YES;
				IPHONEOS_DEPLOYMENT_TARGET = 13.0;
				MTL_ENABLE_DEBUG_INFO = NO;
				MTL_FAST_MATH = YES;
				SDKROOT = iphoneos;
				VALIDATE_PRODUCT = YES;
			};
			name = Release;
		};
		EE8C881E2531AECF0069B01E /* Debug */ = {
			isa = XCBuildConfiguration;
			baseConfigurationReference = D132B3E9B7C81203D3B0447D /* Pods-StudyAVFoundation.debug.xcconfig */;
			buildSettings = {
				ASSETCATALOG_COMPILER_APPICON_NAME = AppIcon;
				ASSETCATALOG_COMPILER_GLOBAL_ACCENT_COLOR_NAME = AccentColor;
				CODE_SIGN_STYLE = Automatic;
				DEVELOPMENT_TEAM = ZAEG6YPEMR;
				ENABLE_BITCODE = NO;
				INFOPLIST_FILE = StudyAVFoundation/Info.plist;
				LD_RUNPATH_SEARCH_PATHS = (
					"$(inherited)",
					"@executable_path/Frameworks",
				);
				LIBRARY_SEARCH_PATHS = (
					"$(inherited)",
					"$(PROJECT_DIR)/StudyAVFoundation/Vendors/lame",
				);
				PRODUCT_BUNDLE_IDENTIFIER = com.av.study.avfoundation;
				PRODUCT_NAME = "$(TARGET_NAME)";
				TARGETED_DEVICE_FAMILY = "1,2";
			};
			name = Debug;
		};
		EE8C881F2531AECF0069B01E /* Release */ = {
			isa = XCBuildConfiguration;
			baseConfigurationReference = D826C9F09CC25120C4DC738A /* Pods-StudyAVFoundation.release.xcconfig */;
			buildSettings = {
				ASSETCATALOG_COMPILER_APPICON_NAME = AppIcon;
				ASSETCATALOG_COMPILER_GLOBAL_ACCENT_COLOR_NAME = AccentColor;
				CODE_SIGN_STYLE = Automatic;
				DEVELOPMENT_TEAM = ZAEG6YPEMR;
				ENABLE_BITCODE = NO;
				INFOPLIST_FILE = StudyAVFoundation/Info.plist;
				LD_RUNPATH_SEARCH_PATHS = (
					"$(inherited)",
					"@executable_path/Frameworks",
				);
				LIBRARY_SEARCH_PATHS = (
					"$(inherited)",
					"$(PROJECT_DIR)/StudyAVFoundation/Vendors/lame",
				);
				PRODUCT_BUNDLE_IDENTIFIER = com.av.study.avfoundation;
				PRODUCT_NAME = "$(TARGET_NAME)";
				TARGETED_DEVICE_FAMILY = "1,2";
			};
			name = Release;
		};
		EE8C88212531AECF0069B01E /* Debug */ = {
			isa = XCBuildConfiguration;
			buildSettings = {
				BUNDLE_LOADER = "$(TEST_HOST)";
				CODE_SIGN_STYLE = Automatic;
				DEVELOPMENT_TEAM = ZAEG6YPEMR;
				INFOPLIST_FILE = iOSAVFoundationStudyTests/Info.plist;
				IPHONEOS_DEPLOYMENT_TARGET = 14.0;
				LD_RUNPATH_SEARCH_PATHS = (
					"$(inherited)",
					"@executable_path/Frameworks",
					"@loader_path/Frameworks",
				);
				PRODUCT_BUNDLE_IDENTIFIER = com.av.study.iOSAVFoundationStudyTests;
				PRODUCT_NAME = "$(TARGET_NAME)";
				TARGETED_DEVICE_FAMILY = "1,2";
				TEST_HOST = "$(BUILT_PRODUCTS_DIR)/StudyAVFoundation.app/StudyAVFoundation";
			};
			name = Debug;
		};
		EE8C88222531AECF0069B01E /* Release */ = {
			isa = XCBuildConfiguration;
			buildSettings = {
				BUNDLE_LOADER = "$(TEST_HOST)";
				CODE_SIGN_STYLE = Automatic;
				DEVELOPMENT_TEAM = ZAEG6YPEMR;
				INFOPLIST_FILE = iOSAVFoundationStudyTests/Info.plist;
				IPHONEOS_DEPLOYMENT_TARGET = 14.0;
				LD_RUNPATH_SEARCH_PATHS = (
					"$(inherited)",
					"@executable_path/Frameworks",
					"@loader_path/Frameworks",
				);
				PRODUCT_BUNDLE_IDENTIFIER = com.av.study.iOSAVFoundationStudyTests;
				PRODUCT_NAME = "$(TARGET_NAME)";
				TARGETED_DEVICE_FAMILY = "1,2";
				TEST_HOST = "$(BUILT_PRODUCTS_DIR)/StudyAVFoundation.app/StudyAVFoundation";
			};
			name = Release;
		};
		EE8C88242531AECF0069B01E /* Debug */ = {
			isa = XCBuildConfiguration;
			buildSettings = {
				CODE_SIGN_STYLE = Automatic;
				DEVELOPMENT_TEAM = ZAEG6YPEMR;
				INFOPLIST_FILE = StudyAVFoundationUITests/Info.plist;
				LD_RUNPATH_SEARCH_PATHS = (
					"$(inherited)",
					"@executable_path/Frameworks",
					"@loader_path/Frameworks",
				);
				PRODUCT_BUNDLE_IDENTIFIER = com.av.study.StudyAVFoundationUITests;
				PRODUCT_NAME = "$(TARGET_NAME)";
				TARGETED_DEVICE_FAMILY = "1,2";
				TEST_TARGET_NAME = StudyAVFoundation;
			};
			name = Debug;
		};
		EE8C88252531AECF0069B01E /* Release */ = {
			isa = XCBuildConfiguration;
			buildSettings = {
				CODE_SIGN_STYLE = Automatic;
				DEVELOPMENT_TEAM = ZAEG6YPEMR;
				INFOPLIST_FILE = StudyAVFoundationUITests/Info.plist;
				LD_RUNPATH_SEARCH_PATHS = (
					"$(inherited)",
					"@executable_path/Frameworks",
					"@loader_path/Frameworks",
				);
				PRODUCT_BUNDLE_IDENTIFIER = com.av.study.StudyAVFoundationUITests;
				PRODUCT_NAME = "$(TARGET_NAME)";
				TARGETED_DEVICE_FAMILY = "1,2";
				TEST_TARGET_NAME = StudyAVFoundation;
			};
			name = Release;
		};
/* End XCBuildConfiguration section */

/* Begin XCConfigurationList section */
		EE8C87E92531AECE0069B01E /* Build configuration list for PBXProject "StudyAVFoundation" */ = {
			isa = XCConfigurationList;
			buildConfigurations = (
				EE8C881B2531AECF0069B01E /* Debug */,
				EE8C881C2531AECF0069B01E /* Release */,
			);
			defaultConfigurationIsVisible = 0;
			defaultConfigurationName = Release;
		};
		EE8C881D2531AECF0069B01E /* Build configuration list for PBXNativeTarget "StudyAVFoundation" */ = {
			isa = XCConfigurationList;
			buildConfigurations = (
				EE8C881E2531AECF0069B01E /* Debug */,
				EE8C881F2531AECF0069B01E /* Release */,
			);
			defaultConfigurationIsVisible = 0;
			defaultConfigurationName = Release;
		};
		EE8C88202531AECF0069B01E /* Build configuration list for PBXNativeTarget "StudyAVFoundationTests" */ = {
			isa = XCConfigurationList;
			buildConfigurations = (
				EE8C88212531AECF0069B01E /* Debug */,
				EE8C88222531AECF0069B01E /* Release */,
			);
			defaultConfigurationIsVisible = 0;
			defaultConfigurationName = Release;
		};
		EE8C88232531AECF0069B01E /* Build configuration list for PBXNativeTarget "StudyAVFoundationUITests" */ = {
			isa = XCConfigurationList;
			buildConfigurations = (
				EE8C88242531AECF0069B01E /* Debug */,
				EE8C88252531AECF0069B01E /* Release */,
			);
			defaultConfigurationIsVisible = 0;
			defaultConfigurationName = Release;
		};
/* End XCConfigurationList section */
	};
	rootObject = EE8C87E62531AECE0069B01E /* Project object */;
}
